
Microsoft Visual Studio Solution File, Format Version 12.00
# Visual Studio Version 17
VisualStudioVersion = 17.4.33122.133
MinimumVisualStudioVersion = 10.0.40219.1
Project("{FAE04EC0-301F-11D3-BF4B-00C04F79EFBC}") = "SaleStreets Back-end", "SaleStreets Back-end\SaleStreets Back-end.csproj", "{EE9B9244-0963-43F4-9AC9-A05DED356F73}"
EndProject
Global
	GlobalSection(SolutionConfigurationPlatforms) = preSolution
		Debug|Any CPU = Debug|Any CPU
		Release|Any CPU = Release|Any CPU
	EndGlobalSection
	GlobalSection(ProjectConfigurationPlatforms) = postSolution
		{EE9B9244-0963-43F4-9AC9-A05DED356F73}.Debug|Any CPU.ActiveCfg = Debug|Any CPU
		{EE9B9244-0963-43F4-9AC9-A05DED356F73}.Debug|Any CPU.Build.0 = Debug|Any CPU
		{EE9B9244-0963-43F4-9AC9-A05DED356F73}.Release|Any CPU.ActiveCfg = Release|Any CPU
		{EE9B9244-0963-43F4-9AC9-A05DED356F73}.Release|Any CPU.Build.0 = Release|Any CPU
	EndGlobalSection
	GlobalSection(SolutionProperties) = preSolution
		HideSolutionNode = FALSE
	EndGlobalSection
	GlobalSection(ExtensibilityGlobals) = postSolution
		SolutionGuid = {425BE62C-D1CA-4BCD-A0E5-51A059AA5C72}
	EndGlobalSection
EndGlobal
